
Microsoft Visual Studio Solution File, Format Version 12.00
# Visual Studio Version 17
VisualStudioVersion = 17.6.33620.401
MinimumVisualStudioVersion = 10.0.40219.1
Project("{FAE04EC0-301F-11D3-BF4B-00C04F79EFBC}") = "OrderSystemOCS.Domain", "src\OrderSystemOCS.Domain\OrderSystemOCS.Domain.csproj", "{7C37D3D5-8BD9-48BF-89EE-CFFAB4BAD337}"
EndProject
Project("{2150E333-8FDC-42A3-9474-1A3956D46DE8}") = "src", "src", "{3CEC8C4B-24A7-4D80-9728-8A41D71831E0}"
EndProject
Project("{2150E333-8FDC-42A3-9474-1A3956D46DE8}") = "tests", "tests", "{33270B5F-EC95-4DCA-BAFB-F8F37083DDEA}"
EndProject
Project("{FAE04EC0-301F-11D3-BF4B-00C04F79EFBC}") = "OrderSystemOCS.Domain.Tests", "tests\OrderSystemOCS.Domain.Tests\OrderSystemOCS.Domain.Tests.csproj", "{D710D493-128D-4DA9-B3FE-D414605DEE5F}"
EndProject
Project("{FAE04EC0-301F-11D3-BF4B-00C04F79EFBC}") = "OrderSystemOCS.Database", "src\OrderSystemOCS.Database\OrderSystemOCS.Database.csproj", "{5457E31F-ADE3-4C0F-9475-2EAC97453DA9}"
EndProject
Project("{FAE04EC0-301F-11D3-BF4B-00C04F79EFBC}") = "OrderSystemOCS.WebApi", "src\OrderSystemOCS.WebApi\OrderSystemOCS.WebApi.csproj", "{6C480D62-17F2-45E7-9477-92B1D918E6B9}"
EndProject
Global
	GlobalSection(SolutionConfigurationPlatforms) = preSolution
		Debug|Any CPU = Debug|Any CPU
		Release|Any CPU = Release|Any CPU
	EndGlobalSection
	GlobalSection(ProjectConfigurationPlatforms) = postSolution
		{7C37D3D5-8BD9-48BF-89EE-CFFAB4BAD337}.Debug|Any CPU.ActiveCfg = Debug|Any CPU
		{7C37D3D5-8BD9-48BF-89EE-CFFAB4BAD337}.Debug|Any CPU.Build.0 = Debug|Any CPU
		{7C37D3D5-8BD9-48BF-89EE-CFFAB4BAD337}.Release|Any CPU.ActiveCfg = Release|Any CPU
		{7C37D3D5-8BD9-48BF-89EE-CFFAB4BAD337}.Release|Any CPU.Build.0 = Release|Any CPU
		{D710D493-128D-4DA9-B3FE-D414605DEE5F}.Debug|Any CPU.ActiveCfg = Debug|Any CPU
		{D710D493-128D-4DA9-B3FE-D414605DEE5F}.Debug|Any CPU.Build.0 = Debug|Any CPU
		{D710D493-128D-4DA9-B3FE-D414605DEE5F}.Release|Any CPU.ActiveCfg = Release|Any CPU
		{D710D493-128D-4DA9-B3FE-D414605DEE5F}.Release|Any CPU.Build.0 = Release|Any CPU
		{5457E31F-ADE3-4C0F-9475-2EAC97453DA9}.Debug|Any CPU.ActiveCfg = Debug|Any CPU
		{5457E31F-ADE3-4C0F-9475-2EAC97453DA9}.Debug|Any CPU.Build.0 = Debug|Any CPU
		{5457E31F-ADE3-4C0F-9475-2EAC97453DA9}.Release|Any CPU.ActiveCfg = Release|Any CPU
		{5457E31F-ADE3-4C0F-9475-2EAC97453DA9}.Release|Any CPU.Build.0 = Release|Any CPU
		{6C480D62-17F2-45E7-9477-92B1D918E6B9}.Debug|Any CPU.ActiveCfg = Debug|Any CPU
		{6C480D62-17F2-45E7-9477-92B1D918E6B9}.Debug|Any CPU.Build.0 = Debug|Any CPU
		{6C480D62-17F2-45E7-9477-92B1D918E6B9}.Release|Any CPU.ActiveCfg = Release|Any CPU
		{6C480D62-17F2-45E7-9477-92B1D918E6B9}.Release|Any CPU.Build.0 = Release|Any CPU
	EndGlobalSection
	GlobalSection(SolutionProperties) = preSolution
		HideSolutionNode = FALSE
	EndGlobalSection
	GlobalSection(NestedProjects) = preSolution
		{7C37D3D5-8BD9-48BF-89EE-CFFAB4BAD337} = {3CEC8C4B-24A7-4D80-9728-8A41D71831E0}
		{D710D493-128D-4DA9-B3FE-D414605DEE5F} = {33270B5F-EC95-4DCA-BAFB-F8F37083DDEA}
		{5457E31F-ADE3-4C0F-9475-2EAC97453DA9} = {3CEC8C4B-24A7-4D80-9728-8A41D71831E0}
		{6C480D62-17F2-45E7-9477-92B1D918E6B9} = {3CEC8C4B-24A7-4D80-9728-8A41D71831E0}
	EndGlobalSection
	GlobalSection(ExtensibilityGlobals) = postSolution
		SolutionGuid = {4A3D79BF-9B8E-4169-B5D0-12C9973FAAB9}
	EndGlobalSection
EndGlobal
